
Microsoft Visual Studio Solution File, Format Version 12.00
Project("{FAE04EC0-301F-11D3-BF4B-00C04F79EFBC}") = "inventoryguiiiii", "inventoryguiiiii\inventoryguiiiii.csproj", "{9EC7F79D-08B0-4FE6-9C75-3EFD1F584918}"
EndProject
Global
	GlobalSection(SolutionConfigurationPlatforms) = preSolution
		Debug|Any CPU = Debug|Any CPU
		Release|Any CPU = Release|Any CPU
	EndGlobalSection
	GlobalSection(ProjectConfigurationPlatforms) = postSolution
		{9EC7F79D-08B0-4FE6-9C75-3EFD1F584918}.Debug|Any CPU.ActiveCfg = Debug|Any CPU
		{9EC7F79D-08B0-4FE6-9C75-3EFD1F584918}.Debug|Any CPU.Build.0 = Debug|Any CPU
		{9EC7F79D-08B0-4FE6-9C75-3EFD1F584918}.Release|Any CPU.ActiveCfg = Release|Any CPU
		{9EC7F79D-08B0-4FE6-9C75-3EFD1F584918}.Release|Any CPU.Build.0 = Release|Any CPU
	EndGlobalSection
EndGlobal
